
Microsoft Visual Studio Solution File, Format Version 12.00
# Visual Studio 14
VisualStudioVersion = 14.0.24720.0
MinimumVisualStudioVersion = 10.0.40219.1
Project("{FAE04EC0-301F-11D3-BF4B-00C04F79EFBC}") = "GammaAgent", "GammaAgent\GammaAgent.csproj", "{F687446E-726A-4765-B286-442D6C0EBC56}"
EndProject
Project("{FAE04EC0-301F-11D3-BF4B-00C04F79EFBC}") = "GammaServiceLib", "GammaServiceLib\GammaServiceLib.csproj", "{1FF49551-EFB5-46BB-9DE3-D4EE4B979094}"
EndProject
Project("{FAE04EC0-301F-11D3-BF4B-00C04F79EFBC}") = "GammaLib", "GammaLib\GammaLib.csproj", "{349077D7-2B02-4A37-A246-D41443DA5CDD}"
EndProject
Project("{FAE04EC0-301F-11D3-BF4B-00C04F79EFBC}") = "GammaInstaller", "GammaCrsQAInstaller\GammaInstaller.csproj", "{387845E5-D147-446A-AC32-BDF9AFE73AB1}"
EndProject
Project("{FAE04EC0-301F-11D3-BF4B-00C04F79EFBC}") = "UTest", "UTest\UTest.csproj", "{5133B1FD-A7CB-4A7E-AAE4-27C57A90458D}"
EndProject
Project("{FAE04EC0-301F-11D3-BF4B-00C04F79EFBC}") = "GammaClient", "GammaClient\GammaClient.csproj", "{AEA55118-7899-4911-AD7C-E75DDB21FF0F}"
EndProject
Project("{FAE04EC0-301F-11D3-BF4B-00C04F79EFBC}") = "ASMServiceLib", "ASMSreviceLib\ASMServiceLib.csproj", "{2B346BC2-E7A8-478F-85B0-9D666C90DE00}"
EndProject
Project("{FAE04EC0-301F-11D3-BF4B-00C04F79EFBC}") = "ASMLib", "ASMLib\ASMLib.csproj", "{C40EBE92-AAA7-4EED-8378-AD24CCB735DF}"
EndProject
Global
	GlobalSection(SolutionConfigurationPlatforms) = preSolution
		Debug|Any CPU = Debug|Any CPU
		Release|Any CPU = Release|Any CPU
	EndGlobalSection
	GlobalSection(ProjectConfigurationPlatforms) = postSolution
		{F687446E-726A-4765-B286-442D6C0EBC56}.Debug|Any CPU.ActiveCfg = Debug|Any CPU
		{F687446E-726A-4765-B286-442D6C0EBC56}.Debug|Any CPU.Build.0 = Debug|Any CPU
		{F687446E-726A-4765-B286-442D6C0EBC56}.Release|Any CPU.ActiveCfg = Release|Any CPU
		{F687446E-726A-4765-B286-442D6C0EBC56}.Release|Any CPU.Build.0 = Release|Any CPU
		{1FF49551-EFB5-46BB-9DE3-D4EE4B979094}.Debug|Any CPU.ActiveCfg = Debug|Any CPU
		{1FF49551-EFB5-46BB-9DE3-D4EE4B979094}.Debug|Any CPU.Build.0 = Debug|Any CPU
		{1FF49551-EFB5-46BB-9DE3-D4EE4B979094}.Release|Any CPU.ActiveCfg = Release|Any CPU
		{1FF49551-EFB5-46BB-9DE3-D4EE4B979094}.Release|Any CPU.Build.0 = Release|Any CPU
		{349077D7-2B02-4A37-A246-D41443DA5CDD}.Debug|Any CPU.ActiveCfg = Debug|Any CPU
		{349077D7-2B02-4A37-A246-D41443DA5CDD}.Debug|Any CPU.Build.0 = Debug|Any CPU
		{349077D7-2B02-4A37-A246-D41443DA5CDD}.Release|Any CPU.ActiveCfg = Release|Any CPU
		{349077D7-2B02-4A37-A246-D41443DA5CDD}.Release|Any CPU.Build.0 = Release|Any CPU
		{387845E5-D147-446A-AC32-BDF9AFE73AB1}.Debug|Any CPU.ActiveCfg = Debug|Any CPU
		{387845E5-D147-446A-AC32-BDF9AFE73AB1}.Debug|Any CPU.Build.0 = Debug|Any CPU
		{387845E5-D147-446A-AC32-BDF9AFE73AB1}.Release|Any CPU.ActiveCfg = Release|Any CPU
		{387845E5-D147-446A-AC32-BDF9AFE73AB1}.Release|Any CPU.Build.0 = Release|Any CPU
		{5133B1FD-A7CB-4A7E-AAE4-27C57A90458D}.Debug|Any CPU.ActiveCfg = Debug|Any CPU
		{5133B1FD-A7CB-4A7E-AAE4-27C57A90458D}.Debug|Any CPU.Build.0 = Debug|Any CPU
		{5133B1FD-A7CB-4A7E-AAE4-27C57A90458D}.Release|Any CPU.ActiveCfg = Release|Any CPU
		{5133B1FD-A7CB-4A7E-AAE4-27C57A90458D}.Release|Any CPU.Build.0 = Release|Any CPU
		{AEA55118-7899-4911-AD7C-E75DDB21FF0F}.Debug|Any CPU.ActiveCfg = Debug|Any CPU
		{AEA55118-7899-4911-AD7C-E75DDB21FF0F}.Debug|Any CPU.Build.0 = Debug|Any CPU
		{AEA55118-7899-4911-AD7C-E75DDB21FF0F}.Release|Any CPU.ActiveCfg = Release|Any CPU
		{AEA55118-7899-4911-AD7C-E75DDB21FF0F}.Release|Any CPU.Build.0 = Release|Any CPU
		{2B346BC2-E7A8-478F-85B0-9D666C90DE00}.Debug|Any CPU.ActiveCfg = Debug|Any CPU
		{2B346BC2-E7A8-478F-85B0-9D666C90DE00}.Debug|Any CPU.Build.0 = Debug|Any CPU
		{2B346BC2-E7A8-478F-85B0-9D666C90DE00}.Release|Any CPU.ActiveCfg = Release|Any CPU
		{2B346BC2-E7A8-478F-85B0-9D666C90DE00}.Release|Any CPU.Build.0 = Release|Any CPU
		{C40EBE92-AAA7-4EED-8378-AD24CCB735DF}.Debug|Any CPU.ActiveCfg = Debug|Any CPU
		{C40EBE92-AAA7-4EED-8378-AD24CCB735DF}.Debug|Any CPU.Build.0 = Debug|Any CPU
		{C40EBE92-AAA7-4EED-8378-AD24CCB735DF}.Release|Any CPU.ActiveCfg = Release|Any CPU
		{C40EBE92-AAA7-4EED-8378-AD24CCB735DF}.Release|Any CPU.Build.0 = Release|Any CPU
	EndGlobalSection
	GlobalSection(SolutionProperties) = preSolution
		HideSolutionNode = FALSE
	EndGlobalSection
EndGlobal
